// !$*UTF8*$!
{
	archiveVersion = 1;
	classes = {
	};
	objectVersion = 56;
	objects = {

/* Begin PBXBuildFile section */
		A404D5EA2B3740B600FFA8CC /* AddTestViewController.swift in Sources */ = {isa = PBXBuildFile; fileRef = A404D5E92B3740B600FFA8CC /* AddTestViewController.swift */; };
		A4104F602B3B49EF007C61AE /* ChartViewController.swift in Sources */ = {isa = PBXBuildFile; fileRef = A4104F5F2B3B49EF007C61AE /* ChartViewController.swift */; };
		A478EE5A2B353C1D0055A642 /* AppDelegate.swift in Sources */ = {isa = PBXBuildFile; fileRef = A478EE592B353C1D0055A642 /* AppDelegate.swift */; };
		A478EE5C2B353C1D0055A642 /* SceneDelegate.swift in Sources */ = {isa = PBXBuildFile; fileRef = A478EE5B2B353C1D0055A642 /* SceneDelegate.swift */; };
		A478EE5E2B353C1D0055A642 /* ViewController.swift in Sources */ = {isa = PBXBuildFile; fileRef = A478EE5D2B353C1D0055A642 /* ViewController.swift */; };
		A478EE612B353C1D0055A642 /* Main.storyboard in Resources */ = {isa = PBXBuildFile; fileRef = A478EE5F2B353C1D0055A642 /* Main.storyboard */; };
		A478EE632B353C1F0055A642 /* Assets.xcassets in Resources */ = {isa = PBXBuildFile; fileRef = A478EE622B353C1F0055A642 /* Assets.xcassets */; };
		A478EE662B353C1F0055A642 /* LaunchScreen.storyboard in Resources */ = {isa = PBXBuildFile; fileRef = A478EE642B353C1F0055A642 /* LaunchScreen.storyboard */; };
		A478EE6F2B3541FB0055A642 /* Alamofire in Frameworks */ = {isa = PBXBuildFile; productRef = A478EE6E2B3541FB0055A642 /* Alamofire */; };
		A478EE712B35423A0055A642 /* APIFunctions.swift in Sources */ = {isa = PBXBuildFile; fileRef = A478EE702B35423A0055A642 /* APIFunctions.swift */; };
		A4AEFDF12B37E34E009EA0E1 /* TestPrototypeCell.swift in Sources */ = {isa = PBXBuildFile; fileRef = A4AEFDF02B37E34E009EA0E1 /* TestPrototypeCell.swift */; };
/* End PBXBuildFile section */

/* Begin PBXFileReference section */
		A404D5E92B3740B600FFA8CC /* AddTestViewController.swift */ = {isa = PBXFileReference; lastKnownFileType = sourcecode.swift; path = AddTestViewController.swift; sourceTree = "<group>"; };
		A4104F5F2B3B49EF007C61AE /* ChartViewController.swift */ = {isa = PBXFileReference; lastKnownFileType = sourcecode.swift; path = ChartViewController.swift; sourceTree = "<group>"; };
		A478EE562B353C1D0055A642 /* INR_Tracker_App_Storyboard.app */ = {isa = PBXFileReference; explicitFileType = wrapper.application; includeInIndex = 0; path = INR_Tracker_App_Storyboard.app; sourceTree = BUILT_PRODUCTS_DIR; };
		A478EE592B353C1D0055A642 /* AppDelegate.swift */ = {isa = PBXFileReference; lastKnownFileType = sourcecode.swift; path = AppDelegate.swift; sourceTree = "<group>"; };
		A478EE5B2B353C1D0055A642 /* SceneDelegate.swift */ = {isa = PBXFileReference; lastKnownFileType = sourcecode.swift; path = SceneDelegate.swift; sourceTree = "<group>"; };
		A478EE5D2B353C1D0055A642 /* ViewController.swift */ = {isa = PBXFileReference; lastKnownFileType = sourcecode.swift; path = ViewController.swift; sourceTree = "<group>"; };
		A478EE602B353C1D0055A642 /* Base */ = {isa = PBXFileReference; lastKnownFileType = file.storyboard; name = Base; path = Base.lproj/Main.storyboard; sourceTree = "<group>"; };
		A478EE622B353C1F0055A642 /* Assets.xcassets */ = {isa = PBXFileReference; lastKnownFileType = folder.assetcatalog; path = Assets.xcassets; sourceTree = "<group>"; };
		A478EE652B353C1F0055A642 /* Base */ = {isa = PBXFileReference; lastKnownFileType = file.storyboard; name = Base; path = Base.lproj/LaunchScreen.storyboard; sourceTree = "<group>"; };
		A478EE672B353C1F0055A642 /* Info.plist */ = {isa = PBXFileReference; lastKnownFileType = text.plist.xml; path = Info.plist; sourceTree = "<group>"; };
		A478EE702B35423A0055A642 /* APIFunctions.swift */ = {isa = PBXFileReference; lastKnownFileType = sourcecode.swift; path = APIFunctions.swift; sourceTree = "<group>"; };
		A4AEFDF02B37E34E009EA0E1 /* TestPrototypeCell.swift */ = {isa = PBXFileReference; lastKnownFileType = sourcecode.swift; path = TestPrototypeCell.swift; sourceTree = "<group>"; };
/* End PBXFileReference section */

/* Begin PBXFrameworksBuildPhase section */
		A478EE532B353C1D0055A642 /* Frameworks */ = {
			isa = PBXFrameworksBuildPhase;
			buildActionMask = 2147483647;
			files = (
				A478EE6F2B3541FB0055A642 /* Alamofire in Frameworks */,
			);
			runOnlyForDeploymentPostprocessing = 0;
		};
/* End PBXFrameworksBuildPhase section */

/* Begin PBXGroup section */
		A478EE4D2B353C1D0055A642 = {
			isa = PBXGroup;
			children = (
				A478EE582B353C1D0055A642 /* INR_Tracker_App_Storyboard */,
				A478EE572B353C1D0055A642 /* Products */,
			);
			sourceTree = "<group>";
		};
		A478EE572B353C1D0055A642 /* Products */ = {
			isa = PBXGroup;
			children = (
				A478EE562B353C1D0055A642 /* INR_Tracker_App_Storyboard.app */,
			);
			name = Products;
			sourceTree = "<group>";
		};
		A478EE582B353C1D0055A642 /* INR_Tracker_App_Storyboard */ = {
			isa = PBXGroup;
			children = (
				A478EE592B353C1D0055A642 /* AppDelegate.swift */,
				A478EE5B2B353C1D0055A642 /* SceneDelegate.swift */,
				A478EE5D2B353C1D0055A642 /* ViewController.swift */,
				A478EE5F2B353C1D0055A642 /* Main.storyboard */,
				A478EE622B353C1F0055A642 /* Assets.xcassets */,
				A478EE642B353C1F0055A642 /* LaunchScreen.storyboard */,
				A478EE672B353C1F0055A642 /* Info.plist */,
				A478EE702B35423A0055A642 /* APIFunctions.swift */,
				A404D5E92B3740B600FFA8CC /* AddTestViewController.swift */,
				A4AEFDF02B37E34E009EA0E1 /* TestPrototypeCell.swift */,
				A4104F5F2B3B49EF007C61AE /* ChartViewController.swift */,
			);
			path = INR_Tracker_App_Storyboard;
			sourceTree = "<group>";
		};
/* End PBXGroup section */

/* Begin PBXNativeTarget section */
		A478EE552B353C1D0055A642 /* INR_Tracker_App_Storyboard */ = {
			isa = PBXNativeTarget;
			buildConfigurationList = A478EE6A2B353C1F0055A642 /* Build configuration list for PBXNativeTarget "INR_Tracker_App_Storyboard" */;
			buildPhases = (
				A478EE522B353C1D0055A642 /* Sources */,
				A478EE532B353C1D0055A642 /* Frameworks */,
				A478EE542B353C1D0055A642 /* Resources */,
			);
			buildRules = (
			);
			dependencies = (
			);
			name = INR_Tracker_App_Storyboard;
			packageProductDependencies = (
				A478EE6E2B3541FB0055A642 /* Alamofire */,
			);
			productName = INR_Tracker_App_Storyboard;
			productReference = A478EE562B353C1D0055A642 /* INR_Tracker_App_Storyboard.app */;
			productType = "com.apple.product-type.application";
		};
/* End PBXNativeTarget section */

/* Begin PBXProject section */
		A478EE4E2B353C1D0055A642 /* Project object */ = {
			isa = PBXProject;
			attributes = {
				BuildIndependentTargetsInParallel = 1;
				LastSwiftUpdateCheck = 1510;
				LastUpgradeCheck = 1510;
				TargetAttributes = {
					A478EE552B353C1D0055A642 = {
						CreatedOnToolsVersion = 15.1;
					};
				};
			};
			buildConfigurationList = A478EE512B353C1D0055A642 /* Build configuration list for PBXProject "INR_Tracker_App_Storyboard" */;
			compatibilityVersion = "Xcode 14.0";
			developmentRegion = en;
			hasScannedForEncodings = 0;
			knownRegions = (
				en,
				Base,
			);
			mainGroup = A478EE4D2B353C1D0055A642;
			packageReferences = (
				A478EE6D2B3541FB0055A642 /* XCRemoteSwiftPackageReference "Alamofire" */,
			);
			productRefGroup = A478EE572B353C1D0055A642 /* Products */;
			projectDirPath = "";
			projectRoot = "";
			targets = (
				A478EE552B353C1D0055A642 /* INR_Tracker_App_Storyboard */,
			);
		};
/* End PBXProject section */

/* Begin PBXResourcesBuildPhase section */
		A478EE542B353C1D0055A642 /* Resources */ = {
			isa = PBXResourcesBuildPhase;
			buildActionMask = 2147483647;
			files = (
				A478EE662B353C1F0055A642 /* LaunchScreen.storyboard in Resources */,
				A478EE632B353C1F0055A642 /* Assets.xcassets in Resources */,
				A478EE612B353C1D0055A642 /* Main.storyboard in Resources */,
			);
			runOnlyForDeploymentPostprocessing = 0;
		};
/* End PBXResourcesBuildPhase section */

/* Begin PBXSourcesBuildPhase section */
		A478EE522B353C1D0055A642 /* Sources */ = {
			isa = PBXSourcesBuildPhase;
			buildActionMask = 2147483647;
			files = (
				A478EE712B35423A0055A642 /* APIFunctions.swift in Sources */,
				A4104F602B3B49EF007C61AE /* ChartViewController.swift in Sources */,
				A404D5EA2B3740B600FFA8CC /* AddTestViewController.swift in Sources */,
				A4AEFDF12B37E34E009EA0E1 /* TestPrototypeCell.swift in Sources */,
				A478EE5E2B353C1D0055A642 /* ViewController.swift in Sources */,
				A478EE5A2B353C1D0055A642 /* AppDelegate.swift in Sources */,
				A478EE5C2B353C1D0055A642 /* SceneDelegate.swift in Sources */,
			);
			runOnlyForDeploymentPostprocessing = 0;
		};
/* End PBXSourcesBuildPhase section */

/* Begin PBXVariantGroup section */
		A478EE5F2B353C1D0055A642 /* Main.storyboard */ = {
			isa = PBXVariantGroup;
			children = (
				A478EE602B353C1D0055A642 /* Base */,
			);
			name = Main.storyboard;
			sourceTree = "<group>";
		};
		A478EE642B353C1F0055A642 /* LaunchScreen.storyboard */ = {
			isa = PBXVariantGroup;
			children = (
				A478EE652B353C1F0055A642 /* Base */,
			);
			name = LaunchScreen.storyboard;
			sourceTree = "<group>";
		};
/* End PBXVariantGroup section */

/* Begin XCBuildConfiguration section */
		A478EE682B353C1F0055A642 /* Debug */ = {
			isa = XCBuildConfiguration;
			buildSettings = {
				ALWAYS_SEARCH_USER_PATHS = NO;
				ASSETCATALOG_COMPILER_GENERATE_SWIFT_ASSET_SYMBOL_EXTENSIONS = YES;
				CLANG_ANALYZER_NONNULL = YES;
				CLANG_ANALYZER_NUMBER_OBJECT_CONVERSION = YES_AGGRESSIVE;
				CLANG_CXX_LANGUAGE_STANDARD = "gnu++20";
				CLANG_ENABLE_MODULES = YES;
				CLANG_ENABLE_OBJC_ARC = YES;
				CLANG_ENABLE_OBJC_WEAK = YES;
				CLANG_WARN_BLOCK_CAPTURE_AUTORELEASING = YES;
				CLANG_WARN_BOOL_CONVERSION = YES;
				CLANG_WARN_COMMA = YES;
				CLANG_WARN_CONSTANT_CONVERSION = YES;
				CLANG_WARN_DEPRECATED_OBJC_IMPLEMENTATIONS = YES;
				CLANG_WARN_DIRECT_OBJC_ISA_USAGE = YES_ERROR;
				CLANG_WARN_DOCUMENTATION_COMMENTS = YES;
				CLANG_WARN_EMPTY_BODY = YES;
				CLANG_WARN_ENUM_CONVERSION = YES;
				CLANG_WARN_INFINITE_RECURSION = YES;
				CLANG_WARN_INT_CONVERSION = YES;
				CLANG_WARN_NON_LITERAL_NULL_CONVERSION = YES;
				CLANG_WARN_OBJC_IMPLICIT_RETAIN_SELF = YES;
				CLANG_WARN_OBJC_LITERAL_CONVERSION = YES;
				CLANG_WARN_OBJC_ROOT_CLASS = YES_ERROR;
				CLANG_WARN_QUOTED_INCLUDE_IN_FRAMEWORK_HEADER = YES;
				CLANG_WARN_RANGE_LOOP_ANALYSIS = YES;
				CLANG_WARN_STRICT_PROTOTYPES = YES;
				CLANG_WARN_SUSPICIOUS_MOVE = YES;
				CLANG_WARN_UNGUARDED_AVAILABILITY = YES_AGGRESSIVE;
				CLANG_WARN_UNREACHABLE_CODE = YES;
				CLANG_WARN__DUPLICATE_METHOD_MATCH = YES;
				COPY_PHASE_STRIP = NO;
				DEBUG_INFORMATION_FORMAT = dwarf;
				ENABLE_STRICT_OBJC_MSGSEND = YES;
				ENABLE_TESTABILITY = YES;
				ENABLE_USER_SCRIPT_SANDBOXING = YES;
				GCC_C_LANGUAGE_STANDARD = gnu17;
				GCC_DYNAMIC_NO_PIC = NO;
				GCC_NO_COMMON_BLOCKS = YES;
				GCC_OPTIMIZATION_LEVEL = 0;
				GCC_PREPROCESSOR_DEFINITIONS = (
					"DEBUG=1",
					"$(inherited)",
				);
				GCC_WARN_64_TO_32_BIT_CONVERSION = YES;
				GCC_WARN_ABOUT_RETURN_TYPE = YES_ERROR;
				GCC_WARN_UNDECLARED_SELECTOR = YES;
				GCC_WARN_UNINITIALIZED_AUTOS = YES_AGGRESSIVE;
				GCC_WARN_UNUSED_FUNCTION = YES;
				GCC_WARN_UNUSED_VARIABLE = YES;
				IPHONEOS_DEPLOYMENT_TARGET = 17.2;
				LOCALIZATION_PREFERS_STRING_CATALOGS = YES;
				MTL_ENABLE_DEBUG_INFO = INCLUDE_SOURCE;
				MTL_FAST_MATH = YES;
				ONLY_ACTIVE_ARCH = YES;
				SDKROOT = iphoneos;
				SWIFT_ACTIVE_COMPILATION_CONDITIONS = "DEBUG $(inherited)";
				SWIFT_OPTIMIZATION_LEVEL = "-Onone";
			};
			name = Debug;
		};
		A478EE692B353C1F0055A642 /* Release */ = {
			isa = XCBuildConfiguration;
			buildSettings = {
				ALWAYS_SEARCH_USER_PATHS = NO;
				ASSETCATALOG_COMPILER_GENERATE_SWIFT_ASSET_SYMBOL_EXTENSIONS = YES;
				CLANG_ANALYZER_NONNULL = YES;
				CLANG_ANALYZER_NUMBER_OBJECT_CONVERSION = YES_AGGRESSIVE;
				CLANG_CXX_LANGUAGE_STANDARD = "gnu++20";
				CLANG_ENABLE_MODULES = YES;
				CLANG_ENABLE_OBJC_ARC = YES;
				CLANG_ENABLE_OBJC_WEAK = YES;
				CLANG_WARN_BLOCK_CAPTURE_AUTORELEASING = YES;
				CLANG_WARN_BOOL_CONVERSION = YES;
				CLANG_WARN_COMMA = YES;
				CLANG_WARN_CONSTANT_CONVERSION = YES;
				CLANG_WARN_DEPRECATED_OBJC_IMPLEMENTATIONS = YES;
				CLANG_WARN_DIRECT_OBJC_ISA_USAGE = YES_ERROR;
				CLANG_WARN_DOCUMENTATION_COMMENTS = YES;
				CLANG_WARN_EMPTY_BODY = YES;
				CLANG_WARN_ENUM_CONVERSION = YES;
				CLANG_WARN_INFINITE_RECURSION = YES;
				CLANG_WARN_INT_CONVERSION = YES;
				CLANG_WARN_NON_LITERAL_NULL_CONVERSION = YES;
				CLANG_WARN_OBJC_IMPLICIT_RETAIN_SELF = YES;
				CLANG_WARN_OBJC_LITERAL_CONVERSION = YES;
				CLANG_WARN_OBJC_ROOT_CLASS = YES_ERROR;
				CLANG_WARN_QUOTED_INCLUDE_IN_FRAMEWORK_HEADER = YES;
				CLANG_WARN_RANGE_LOOP_ANALYSIS = YES;
				CLANG_WARN_STRICT_PROTOTYPES = YES;
				CLANG_WARN_SUSPICIOUS_MOVE = YES;
				CLANG_WARN_UNGUARDED_AVAILABILITY = YES_AGGRESSIVE;
				CLANG_WARN_UNREACHABLE_CODE = YES;
				CLANG_WARN__DUPLICATE_METHOD_MATCH = YES;
				COPY_PHASE_STRIP = NO;
				DEBUG_INFORMATION_FORMAT = "dwarf-with-dsym";
				ENABLE_NS_ASSERTIONS = NO;
				ENABLE_STRICT_OBJC_MSGSEND = YES;
				ENABLE_USER_SCRIPT_SANDBOXING = YES;
				GCC_C_LANGUAGE_STANDARD = gnu17;
				GCC_NO_COMMON_BLOCKS = YES;
				GCC_WARN_64_TO_32_BIT_CONVERSION = YES;
				GCC_WARN_ABOUT_RETURN_TYPE = YES_ERROR;
				GCC_WARN_UNDECLARED_SELECTOR = YES;
				GCC_WARN_UNINITIALIZED_AUTOS = YES_AGGRESSIVE;
				GCC_WARN_UNUSED_FUNCTION = YES;
				GCC_WARN_UNUSED_VARIABLE = YES;
				IPHONEOS_DEPLOYMENT_TARGET = 17.2;
				LOCALIZATION_PREFERS_STRING_CATALOGS = YES;
				MTL_ENABLE_DEBUG_INFO = NO;
				MTL_FAST_MATH = YES;
				SDKROOT = iphoneos;
				SWIFT_COMPILATION_MODE = wholemodule;
				VALIDATE_PRODUCT = YES;
			};
			name = Release;
		};
		A478EE6B2B353C1F0055A642 /* Debug */ = {
			isa = XCBuildConfiguration;
			buildSettings = {
				ASSETCATALOG_COMPILER_APPICON_NAME = AppIcon;
				ASSETCATALOG_COMPILER_GLOBAL_ACCENT_COLOR_NAME = AccentColor;
				CODE_SIGN_STYLE = Automatic;
				CURRENT_PROJECT_VERSION = 1;
				DEVELOPMENT_TEAM = 34ZJKJ84YB;
				GENERATE_INFOPLIST_FILE = YES;
				INFOPLIST_FILE = INR_Tracker_App_Storyboard/Info.plist;
				INFOPLIST_KEY_UIApplicationSupportsIndirectInputEvents = YES;
				INFOPLIST_KEY_UILaunchStoryboardName = LaunchScreen;
				INFOPLIST_KEY_UIMainStoryboardFile = Main;
				INFOPLIST_KEY_UISupportedInterfaceOrientations_iPad = "UIInterfaceOrientationPortrait UIInterfaceOrientationPortraitUpsideDown UIInterfaceOrientationLandscapeLeft UIInterfaceOrientationLandscapeRight";
				INFOPLIST_KEY_UISupportedInterfaceOrientations_iPhone = "UIInterfaceOrientationPortrait UIInterfaceOrientationLandscapeLeft UIInterfaceOrientationLandscapeRight";
				LD_RUNPATH_SEARCH_PATHS = (
					"$(inherited)",
					"@executable_path/Frameworks",
				);
				MARKETING_VERSION = 1.0;
				PRODUCT_BUNDLE_IDENTIFIER = "com.chrisbrunet.INR-Tracker-App-Storyboard";
				PRODUCT_NAME = "$(TARGET_NAME)";
				SWIFT_EMIT_LOC_STRINGS = YES;
				SWIFT_VERSION = 5.0;
				TARGETED_DEVICE_FAMILY = "1,2";
			};
			name = Debug;
		};
		A478EE6C2B353C1F0055A642 /* Release */ = {
			isa = XCBuildConfiguration;
			buildSettings = {
				ASSETCATALOG_COMPILER_APPICON_NAME = AppIcon;
				ASSETCATALOG_COMPILER_GLOBAL_ACCENT_COLOR_NAME = AccentColor;
				CODE_SIGN_STYLE = Automatic;
				CURRENT_PROJECT_VERSION = 1;
				DEVELOPMENT_TEAM = 34ZJKJ84YB;
				GENERATE_INFOPLIST_FILE = YES;
				INFOPLIST_FILE = INR_Tracker_App_Storyboard/Info.plist;
				INFOPLIST_KEY_UIApplicationSupportsIndirectInputEvents = YES;
				INFOPLIST_KEY_UILaunchStoryboardName = LaunchScreen;
				INFOPLIST_KEY_UIMainStoryboardFile = Main;
				INFOPLIST_KEY_UISupportedInterfaceOrientations_iPad = "UIInterfaceOrientationPortrait UIInterfaceOrientationPortraitUpsideDown UIInterfaceOrientationLandscapeLeft UIInterfaceOrientationLandscapeRight";
				INFOPLIST_KEY_UISupportedInterfaceOrientations_iPhone = "UIInterfaceOrientationPortrait UIInterfaceOrientationLandscapeLeft UIInterfaceOrientationLandscapeRight";
				LD_RUNPATH_SEARCH_PATHS = (
					"$(inherited)",
					"@executable_path/Frameworks",
				);
				MARKETING_VERSION = 1.0;
				PRODUCT_BUNDLE_IDENTIFIER = "com.chrisbrunet.INR-Tracker-App-Storyboard";
				PRODUCT_NAME = "$(TARGET_NAME)";
				SWIFT_EMIT_LOC_STRINGS = YES;
				SWIFT_VERSION = 5.0;
				TARGETED_DEVICE_FAMILY = "1,2";
			};
			name = Release;
		};
/* End XCBuildConfiguration section */

/* Begin XCConfigurationList section */
		A478EE512B353C1D0055A642 /* Build configuration list for PBXProject "INR_Tracker_App_Storyboard" */ = {
			isa = XCConfigurationList;
			buildConfigurations = (
				A478EE682B353C1F0055A642 /* Debug */,
				A478EE692B353C1F0055A642 /* Release */,
			);
			defaultConfigurationIsVisible = 0;
			defaultConfigurationName = Release;
		};
		A478EE6A2B353C1F0055A642 /* Build configuration list for PBXNativeTarget "INR_Tracker_App_Storyboard" */ = {
			isa = XCConfigurationList;
			buildConfigurations = (
				A478EE6B2B353C1F0055A642 /* Debug */,
				A478EE6C2B353C1F0055A642 /* Release */,
			);
			defaultConfigurationIsVisible = 0;
			defaultConfigurationName = Release;
		};
/* End XCConfigurationList section */

/* Begin XCRemoteSwiftPackageReference section */
		A478EE6D2B3541FB0055A642 /* XCRemoteSwiftPackageReference "Alamofire" */ = {
			isa = XCRemoteSwiftPackageReference;
			repositoryURL = "https://github.com/Alamofire/Alamofire.git";
			requirement = {
				kind = upToNextMajorVersion;
				minimumVersion = 5.8.1;
			};
		};
/* End XCRemoteSwiftPackageReference section */

/* Begin XCSwiftPackageProductDependency section */
		A478EE6E2B3541FB0055A642 /* Alamofire */ = {
			isa = XCSwiftPackageProductDependency;
			package = A478EE6D2B3541FB0055A642 /* XCRemoteSwiftPackageReference "Alamofire" */;
			productName = Alamofire;
		};
/* End XCSwiftPackageProductDependency section */
	};
	rootObject = A478EE4E2B353C1D0055A642 /* Project object */;
}
